{
    "_meta": {
        "hash": {
            "sha256": "3c00208f39fcaf5b153a507479d596081cb6c1b1010c78229af075dde1fd6c77"
        },
        "pipfile-spec": 6,
        "requires": {
            "python_version": "3.7"
        },
        "sources": [
            {
                "name": "pypi",
                "url": "https://pypi.org/simple",
                "verify_ssl": true
            }
        ]
    },
    "default": {
        "appdirs": {
            "hashes": [
                "sha256:7d5d0167b2b1ba821647616af46a749d1c653740dd0d2415100fe26e27afdf41",
                "sha256:a841dacd6b99318a741b166adb07e19ee71a274450e68237b4650ca1055ab128"
            ],
            "index": "pypi",
            "version": "==1.4.4"
        },
        "beautifulsoup4": {
            "hashes": [
                "sha256:73cc4d115b96f79c7d77c1c7f7a0a8d4c57860d1041df407dd1aae7f07a77fd7",
                "sha256:a6237df3c32ccfaee4fd201c8f5f9d9df619b93121d01353a64a73ce8c6ef9a8",
                "sha256:e718f2342e2e099b640a34ab782407b7b676f47ee272d6739e60b8ea23829f2c"
            ],
            "index": "pypi",
            "version": "==4.9.1"
        },
        "certifi": {
            "hashes": [
                "sha256:1d987a998c75633c40847cc966fcf5904906c920a7f17ef374f5aa4282abd304",
                "sha256:51fcb31174be6e6664c5f69e3e1691a2d72a1a12e90f872cbdb1567eb47b6519"
            ],
            "index": "pypi",
            "version": "==2020.4.5.1"
        },
        "chardet": {
            "hashes": [
                "sha256:84ab92ed1c4d4f16916e05906b6b75a6c0fb5db821cc65e70cbd64a3e2a5eaae",
                "sha256:fc323ffcaeaed0e0a02bf4d117757b98aed530d9ed4531e3e15460124c106691"
            ],
            "index": "pypi",
            "version": "==3.0.4"
        },
        "click": {
            "hashes": [
                "sha256:d2b5255c7c6349bc1bd1e59e08cd12acbbd63ce649f2588755783aa94dfb6b1a",
                "sha256:dacca89f4bfadd5de3d7489b7c8a566eee0d3676333fbb50030263894c38c0dc"
            ],
            "index": "pypi",
            "version": "==7.1.2"
        },
        "decorator": {
            "hashes": [
                "sha256:41fa54c2a0cc4ba648be4fd43cff00aedf5b9465c9bf18d64325bc225f08f760",
                "sha256:e3a62f0520172440ca0dcc823749319382e377f37f140a0b99ef45fecb84bfe7"
            ],
            "index": "pypi",
            "version": "==4.4.2"
        },
        "future": {
            "hashes": [
                "sha256:b1bead90b70cf6ec3f0710ae53a525360fa360d306a86583adc6bf83a4db537d"
            ],
            "index": "pypi",
            "version": "==0.18.2"
        },
        "gmusic-archive": {
            "editable": true,
            "path": "."
        },
        "gmusicapi": {
            "hashes": [
                "sha256:b3548a8aa9ac834de05248f1ad7f32a11e96a3aeb265efa76f04796889d1b891"
            ],
            "index": "pypi",
            "version": "==13.0.0"
        },
        "gpsoauth": {
            "hashes": [
                "sha256:1c3f45824d45ac3d06b9d9a0c0eccafe1052505d31ac9a698aef8b00fb0dfc37"
            ],
            "index": "pypi",
            "version": "==0.4.1"
        },
        "httplib2": {
            "hashes": [
                "sha256:749c32603f9bf16c1277f59531d502e8f1c2ca19901ae653b49c4ed698f0820e",
                "sha256:e0d428dad43c72dbce7d163b7753ffc7a39c097e6788ef10f4198db69b92f08e"
            ],
            "index": "pypi",
            "version": "==0.19.0"
        },
        "idna": {
            "hashes": [
                "sha256:7588d1c14ae4c77d74036e8c22ff447b26d0fde8f007354fd48a7814db15b7cb",
                "sha256:a068a21ceac8a4d63dbfd964670474107f541babbd2250d61922f029858365fa"
            ],
            "index": "pypi",
            "version": "==2.9"
        },
        "lxml": {
            "hashes": [
                "sha256:0448576c148c129594d890265b1a83b9cd76fd1f0a6a04620753d9a6bcfd0a4d",
                "sha256:127f76864468d6630e1b453d3ffbbd04b024c674f55cf0a30dc2595137892d37",
                "sha256:1471cee35eba321827d7d53d104e7b8c593ea3ad376aa2df89533ce8e1b24a01",
                "sha256:2363c35637d2d9d6f26f60a208819e7eafc4305ce39dc1d5005eccc4593331c2",
                "sha256:2e5cc908fe43fe1aa299e58046ad66981131a66aea3129aac7770c37f590a644",
                "sha256:2e6fd1b8acd005bd71e6c94f30c055594bbd0aa02ef51a22bbfa961ab63b2d75",
                "sha256:366cb750140f221523fa062d641393092813b81e15d0e25d9f7c6025f910ee80",
                "sha256:42ebca24ba2a21065fb546f3e6bd0c58c3fe9ac298f3a320147029a4850f51a2",
                "sha256:4e751e77006da34643ab782e4a5cc21ea7b755551db202bc4d3a423b307db780",
                "sha256:4fb85c447e288df535b17ebdebf0ec1cf3a3f1a8eba7e79169f4f37af43c6b98",
                "sha256:50c348995b47b5a4e330362cf39fc503b4a43b14a91c34c83b955e1805c8e308",
                "sha256:535332fe9d00c3cd455bd3dd7d4bacab86e2d564bdf7606079160fa6251caacf",
                "sha256:535f067002b0fd1a4e5296a8f1bf88193080ff992a195e66964ef2a6cfec5388",
                "sha256:5be4a2e212bb6aa045e37f7d48e3e1e4b6fd259882ed5a00786f82e8c37ce77d",
                "sha256:60a20bfc3bd234d54d49c388950195d23a5583d4108e1a1d47c9eef8d8c042b3",
                "sha256:648914abafe67f11be7d93c1a546068f8eff3c5fa938e1f94509e4a5d682b2d8",
                "sha256:681d75e1a38a69f1e64ab82fe4b1ed3fd758717bed735fb9aeaa124143f051af",
                "sha256:68a5d77e440df94011214b7db907ec8f19e439507a70c958f750c18d88f995d2",
                "sha256:69a63f83e88138ab7642d8f61418cf3180a4d8cd13995df87725cb8b893e950e",
                "sha256:6e4183800f16f3679076dfa8abf2db3083919d7e30764a069fb66b2b9eff9939",
                "sha256:6fd8d5903c2e53f49e99359b063df27fdf7acb89a52b6a12494208bf61345a03",
                "sha256:791394449e98243839fa822a637177dd42a95f4883ad3dec2a0ce6ac99fb0a9d",
                "sha256:7a7669ff50f41225ca5d6ee0a1ec8413f3a0d8aa2b109f86d540887b7ec0d72a",
                "sha256:7e9eac1e526386df7c70ef253b792a0a12dd86d833b1d329e038c7a235dfceb5",
                "sha256:7ee8af0b9f7de635c61cdd5b8534b76c52cd03536f29f51151b377f76e214a1a",
                "sha256:8246f30ca34dc712ab07e51dc34fea883c00b7ccb0e614651e49da2c49a30711",
                "sha256:8c88b599e226994ad4db29d93bc149aa1aff3dc3a4355dd5757569ba78632bdf",
                "sha256:923963e989ffbceaa210ac37afc9b906acebe945d2723e9679b643513837b089",
                "sha256:94d55bd03d8671686e3f012577d9caa5421a07286dd351dfef64791cf7c6c505",
                "sha256:97db258793d193c7b62d4e2586c6ed98d51086e93f9a3af2b2034af01450a74b",
                "sha256:a9d6bc8642e2c67db33f1247a77c53476f3a166e09067c0474facb045756087f",
                "sha256:cd11c7e8d21af997ee8079037fff88f16fda188a9776eb4b81c7e4c9c0a7d7fc",
                "sha256:d8d3d4713f0c28bdc6c806a278d998546e8efc3498949e3ace6e117462ac0a5e",
                "sha256:e0bfe9bb028974a481410432dbe1b182e8191d5d40382e5b8ff39cdd2e5c5931",
                "sha256:f4822c0660c3754f1a41a655e37cb4dbbc9be3d35b125a37fab6f82d47674ebc",
                "sha256:f83d281bb2a6217cd806f4cf0ddded436790e66f393e124dfe9731f6b3fb9afe",
                "sha256:fc37870d6716b137e80d19241d0e2cff7a7643b925dfa49b4c8ebd1295eb506e"
            ],
            "index": "pypi",
            "version": "==4.6.2"
        },
        "mechanicalsoup": {
            "hashes": [
                "sha256:39a60627a97981869251837b8bd082485f2f681df8a3315836ffaa74663627bd",
                "sha256:cddd80b0975f4fdafd137a473df4697854e6be3e332a5fa3200e607ee20d5238"
            ],
            "index": "pypi",
            "version": "==0.12.0"
        },
        "mock": {
            "hashes": [
                "sha256:3f9b2c0196c60d21838f307f5825a7b86b678cedc58ab9e50a8988187b4d81e0",
                "sha256:dd33eb70232b6118298d516bbcecd26704689c386594f0f3c4f13867b2c56f72"
            ],
            "index": "pypi",
            "version": "==4.0.2"
        },
        "mutagen": {
            "hashes": [
                "sha256:1cfc9f40cc0c89f051e3f3dbd5d9057a193c98433cf6c95e02d7f5a395615c01",
                "sha256:56065d8a9ca0bc64610a4d0f37e2bd4453381dde3226b8835ee656faa3287be4"
            ],
            "index": "pypi",
            "version": "==1.44.0"
        },
        "oauth2client": {
            "hashes": [
                "sha256:b8a81cc5d60e2d364f0b1b98f958dbd472887acaf1a5b05e21c28c31a2d6d3ac",
                "sha256:d486741e451287f69568a4d26d70d9acd73a2bbfa275746c535b4209891cccc6"
            ],
            "index": "pypi",
            "version": "==4.1.3"
        },
        "pbr": {
            "hashes": [
                "sha256:07f558fece33b05caf857474a366dfcc00562bca13dd8b47b2b3e22d9f9bf55c",
                "sha256:579170e23f8e0c2f24b0de612f71f648eccb79fb1322c814ae6b3c07b5ba23e8"
            ],
            "index": "pypi",
            "version": "==5.4.5"
        },
        "proboscis": {
            "hashes": [
                "sha256:b822b243a7c82030fce0de97bdc432345941306d2c24ef227ca561dd019cd238"
            ],
            "index": "pypi",
            "version": "==1.2.6.0"
        },
        "protobuf": {
            "hashes": [
                "sha256:00c2c276aca3af220d422e6a8625b1f5399c821c9b6f1c83e8a535aa8f48cc6c",
                "sha256:0d69d76b00d0eb5124cb33a34a793383a5bbbf9ac3e633207c09988717c5da85",
                "sha256:1c55277377dd35e508e9d86c67a545f6d8d242d792af487678eeb75c07974ee2",
                "sha256:35bc1b96241b8ea66dbf386547ef2e042d73dcc0bf4b63566e3ef68722bb24d1",
                "sha256:47a541ac44f2dcc8d49b615bcf3ed7ba4f33af9791118cecc3d17815fab652d9",
                "sha256:61364bcd2d85277ab6155bb7c5267e6a64786a919f1a991e29eb536aa5330a3d",
                "sha256:7aaa820d629f8a196763dd5ba21fd272fa038f775a845a52e21fa67862abcd35",
                "sha256:9593a6cdfc491f2caf62adb1c03170e9e8748d0a69faa2b3970e39a92fbd05a2",
                "sha256:95f035bbafec7dbaa0f1c72eda8108b763c1671fcb6e577e93da2d52eb47fbcf",
                "sha256:9d6a517ce33cbdc64b52a17c56ce17b0b20679c945ed7420e7c6bc6686ff0494",
                "sha256:a7532d971e4ab2019a9f6aa224b209756b6b9e702940ca85a4b1ed1d03f45396",
                "sha256:b4e8ecb1eb3d011f0ccc13f8bb0a2d481aa05b733e6e22e9d46a3f61dbbef0de",
                "sha256:bb1aced9dcebc46f0b320f24222cc8ffdfd2e47d2bafd4d2e5913cc6f7e3fc98",
                "sha256:ccce142ebcfbc35643a5012cf398497eb18e8d021333cced4d5401f034a8cef5",
                "sha256:d538eecc0b80accfb73c8167f39aaa167a5a50f31b1295244578c8eff8e9d602",
                "sha256:eab18765eb5c7bad1b2de7ae3774192b46e1873011682e36bcd70ccf75f2748a"
            ],
            "index": "pypi",
            "version": "==3.12.0"
        },
        "pyasn1": {
            "hashes": [
                "sha256:39c7e2ec30515947ff4e87fb6f456dfc6e84857d34be479c9d4a4ba4bf46aa5d",
                "sha256:aef77c9fb94a3ac588e87841208bdec464471d9871bd5050a287cc9a475cd0ba"
            ],
            "index": "pypi",
            "version": "==0.4.8"
        },
        "pyasn1-modules": {
            "hashes": [
                "sha256:905f84c712230b2c592c19470d3ca8d552de726050d1d1716282a1f6146be65e",
                "sha256:a50b808ffeb97cb3601dd25981f6b016cbb3d31fbf57a8b8a87428e6158d0c74"
            ],
            "index": "pypi",
            "version": "==0.2.8"
        },
        "pycryptodomex": {
            "hashes": [
                "sha256:1537d2d15b604b303aef56e7f440895a1c81adbee786b91f1f06eddc34da5314",
                "sha256:1d20ab8369b7558168fc014a0745c678613f9f486dae468cca2d68145196b8a4",
                "sha256:1ecc9db7409db67765eb008e558879d298406642d33ade43a6488224d23e8081",
                "sha256:37033976f72af829fe15f7fe5fe1dbed308cc43a98d9dd9d2a0a76de8ca5ee78",
                "sha256:3c3dd9d4c9c1e279d3945ae422895c901f98987333acc132dc094faf52afec35",
                "sha256:3c9b3fba037ea52c626060c5a87ee6de7e86c99e8a7c6ee07302539985d2bd64",
                "sha256:45ee555fc5e28c119a46d44ce373f5237e54a35c61b750fb3a94446b09855dbc",
                "sha256:4c93038ac011b36512cb0bf2ee3e2aec774e8bc81021d015917c89fe02bb0ee5",
                "sha256:50163324834edd0c9ce3e4512ded3e221c969086e10fdd5d3fdcaadac5e24a78",
                "sha256:59b0ea9cda5490f924771456912a225d8d9e678891f9f986661af718534719b2",
                "sha256:5cf306a17cccc327a33cdc3845629fa13f4573a4ec620ed607c79cf6785f2e27",
                "sha256:5fff8da399af16a1855f58771223acbbdac720b9969cd03fc5013d2e9a7bd9a4",
                "sha256:68650ce5b9f7152b8283302a4617269f821695a612692640dd247bd12ab21c0b",
                "sha256:6b3a9a562688996f760b5077714c3ab8b62ca56061b6e9ab7906841e43e19f91",
                "sha256:7e938ed51a59e29431ea86fab60423ada2757728db0f78952329fa02a789bd31",
                "sha256:87aa70daad6f039e814790a06422a3189311198b674b62f13933a2bdcb6b1bcc",
                "sha256:99be3a1df2b2b9f731ebe1c264a2c07c465e71cee68e35e1640b645b5213a755",
                "sha256:a3f2908666e6f74b8c4893f86dd02e16170f50e4a78ae7f3468b6208d54bc205",
                "sha256:ae3d44a639fd11dbdeca47e35e94febb1ee8bc15daf26673331add37146e0b85",
                "sha256:afb4c2fa3c6f492fd9a8b38d76e13f32d429b8e5e1e00238309391b5591cde0d",
                "sha256:b1515ce3a8a2c3fa537d137c5ca5f8b7a902044d04e07d7c3aa26c3e026120fb",
                "sha256:bf391b377413a197000b43ef2b74359974d8927d329a897c9f5ba7b63dca7b9c",
                "sha256:c436919117c23355740c669f89720673578b9aa4569bbfe105f6c10101fc1966",
                "sha256:d2c3c280975638e2a2c2fd9cb36ab111980219757fa163a2755594b9448e4138",
                "sha256:e585d530764c459cbd5d460aed0288807bb881f376ca9a20e653645217895961",
                "sha256:e76e6638ead4a7d93262a24218f0ff3ff74de6b6c823b7e19dccb31b6a481978",
                "sha256:ebfc2f885cafda076c31ae30fa0dd81e7e919ec34059a88d3018ed66e83fcce3",
                "sha256:f5797a39933a3d41526da60856735e6684b2b71a8ca99d5f79555ca121be2f4b",
                "sha256:f7e5fc5e124200b19a14be33fb0099e956e6ebb5e25d287b0829ef0a78ed76c7",
                "sha256:fb350e31e55211fec8ddc89fc0256f3b9bc3b44b68a8bde1cf44b3b4e80c0e42"
            ],
            "index": "pypi",
            "version": "==3.9.7"
        },
        "pyparsing": {
            "hashes": [
                "sha256:c203ec8783bf771a155b207279b9bccb8dea02d8f0c9e5f8ead507bc3246ecc1",
                "sha256:ef9d7589ef3c200abe66653d3f1ab1033c3c419ae9b9bdb1240a85b024efc88b"
            ],
            "version": "==2.4.7"
        },
        "python-dateutil": {
            "hashes": [
                "sha256:73ebfe9dbf22e832286dafa60473e4cd239f8592f699aa5adaf10050e6e1823c",
                "sha256:75bb3f31ea686f1197762692a9ee6a7550b59fc6ca3a1f4b5d7e32fb98e2da2a"
            ],
            "index": "pypi",
            "version": "==2.8.1"
        },
        "requests": {
            "hashes": [
                "sha256:43999036bfa82904b6af1d99e4882b560e5e2c68e5c4b0aa03b655f3d7d73fee",
                "sha256:b3f43d496c6daba4493e7c431722aeb7dbc6288f52a6e04e7b6023b0247817e6"
            ],
            "index": "pypi",
            "version": "==2.23.0"
        },
        "rsa": {
            "hashes": [
                "sha256:14ba45700ff1ec9eeb206a2ce76b32814958a98e372006c8fb76ba820211be66",
                "sha256:1a836406405730121ae9823e19c6e806c62bbad73f890574fff50efa4122c487"
            ],
            "index": "pypi",
            "version": "==4.0"
        },
        "six": {
            "hashes": [
                "sha256:236bdbdce46e6e6a3d61a337c0f8b763ca1e8717c03b369e87a7ec7ce1319c0a",
                "sha256:8f3cd2e254d8f793e7f3d6d9df77b92252b52637291d0f0da013c76ea2724b6c"
            ],
            "index": "pypi",
            "version": "==1.14.0"
        },
        "soupsieve": {
            "hashes": [
                "sha256:4bb21a6ee4707bf43b61230e80740e71bfe56e55d1f1f50924b087bb2975c851",
                "sha256:6dc52924dc0bc710a5d16794e6b3480b2c7c08b07729505feab2b2c16661ff6e"
            ],
            "version": "==2.1"
        },
        "sqlalchemy": {
            "hashes": [
                "sha256:128bc917ed20d78143a45024455ff0aed7d3b96772eba13d5dbaf9cc57e5c41b",
                "sha256:156a27548ba4e1fed944ff9fcdc150633e61d350d673ae7baaf6c25c04ac1f71",
                "sha256:27e2efc8f77661c9af2681755974205e7462f1ae126f498f4fe12a8b24761d15",
                "sha256:2a12f8be25b9ea3d1d5b165202181f2b7da4b3395289000284e5bb86154ce87c",
                "sha256:31c043d5211aa0e0773821fcc318eb5cbe2ec916dfbc4c6eea0c5188971988eb",
                "sha256:65eb3b03229f684af0cf0ad3bcc771970c1260a82a791a8d07bffb63d8c95bcc",
                "sha256:6cd157ce74a911325e164441ff2d9b4e244659a25b3146310518d83202f15f7a",
                "sha256:703c002277f0fbc3c04d0ae4989a174753a7554b2963c584ce2ec0cddcf2bc53",
                "sha256:869bbb637de58ab0a912b7f20e9192132f9fbc47fc6b5111cd1e0f6cdf5cf9b0",
                "sha256:8a0e0cd21da047ea10267c37caf12add400a92f0620c8bc09e4a6531a765d6d7",
                "sha256:8d01e949a5d22e5c4800d59b50617c56125fc187fbeb8fa423e99858546de616",
                "sha256:925b4fe5e7c03ed76912b75a9a41dfd682d59c0be43bce88d3b27f7f5ba028fb",
                "sha256:9cb1819008f0225a7c066cac8bb0cf90847b2c4a6eb9ebb7431dbd00c56c06c5",
                "sha256:a87d496884f40c94c85a647c385f4fd5887941d2609f71043e2b73f2436d9c65",
                "sha256:a9030cd30caf848a13a192c5e45367e3c6f363726569a56e75dc1151ee26d859",
                "sha256:a9e75e49a0f1583eee0ce93270232b8e7bb4b1edc89cc70b07600d525aef4f43",
                "sha256:b50f45d0e82b4562f59f0e0ca511f65e412f2a97d790eea5f60e34e5f1aabc9a",
                "sha256:b7878e59ec31f12d54b3797689402ee3b5cfcb5598f2ebf26491732758751908",
                "sha256:ce1ddaadee913543ff0154021d31b134551f63428065168e756d90bdc4c686f5",
                "sha256:ce2646e4c0807f3461be0653502bb48c6e91a5171d6e450367082c79e12868bf",
                "sha256:ce6c3d18b2a8ce364013d47b9cad71db815df31d55918403f8db7d890c9d07ae",
                "sha256:e4e2664232005bd306f878b0f167a31f944a07c4de0152c444f8c61bbe3cfb38",
                "sha256:e8aa395482728de8bdcca9cc0faf3765ab483e81e01923aaa736b42f0294f570",
                "sha256:eb4fcf7105bf071c71068c6eee47499ab8d4b8f5a11fc35147c934f0faa60f23",
                "sha256:ed375a79f06cad285166e5be74745df1ed6845c5624aafadec4b7a29c25866ef",
                "sha256:f35248f7e0d63b234a109dd72fbfb4b5cb6cb6840b221d0df0ecbf54ab087654",
                "sha256:f502ef245c492b391e0e23e94cba030ab91722dcc56963c85bfd7f3441ea2bbe",
                "sha256:fe01bac7226499aedf472c62fa3b85b2c619365f3f14dd222ffe4f3aa91e5f98"
            ],
            "index": "pypi",
            "version": "==1.3.17"
        },
        "urllib3": {
            "hashes": [
                "sha256:3018294ebefce6572a474f0604c2021e33b3fd8006ecd11d62107a5d2a963527",
                "sha256:88206b0eb87e6d677d424843ac5209e3fb9d0190d0ee169599165ec25e9d9115"
            ],
            "index": "pypi",
            "version": "==1.25.9"
        },
        "validictory": {
            "hashes": [
                "sha256:3a87b84658592f75f37d6bab77ac223774c9989dc7349c8aad19a424770835ba",
                "sha256:eb7ec9d811f3cf062fb943ce369a9b34a9f291037217ecf5a40a5f2421d29c0a"
            ],
            "index": "pypi",
            "version": "==1.1.2"
        }
    },
    "develop": {
        "flake8": {
            "hashes": [
                "sha256:6c1193b0c3f853ef763969238f6c81e9e63ace9d024518edc020d5f1d6d93195",
                "sha256:ea6623797bf9a52f4c9577d780da0bb17d65f870213f7b5bcc9fca82540c31d5"
            ],
            "index": "pypi",
            "version": "==3.8.1"
        },
        "importlib-metadata": {
            "hashes": [
                "sha256:ace61d5fc652dc280e7b6b4ff732a9c2d40db2c0f92bc6cb74e07b73d53a1771",
                "sha256:fa5daa4477a7414ae34e95942e4dd07f62adf589143c875c133c1e53c4eff38d"
            ],
            "markers": "python_version < '3.8'",
            "version": "==3.4.0"
        },
        "mccabe": {
            "hashes": [
                "sha256:ab8a6258860da4b6677da4bd2fe5dc2c659cff31b3ee4f7f5d64e79735b80d42",
                "sha256:dd8d182285a0fe56bace7f45b5e7d1a6ebcbf524e8f3bd87eb0f125271b8831f"
            ],
            "version": "==0.6.1"
        },
        "pycodestyle": {
            "hashes": [
                "sha256:2295e7b2f6b5bd100585ebcb1f616591b652db8a741695b3d8f5d28bdc934367",
                "sha256:c58a7d2815e0e8d7972bf1803331fb0152f867bd89adf8a01dfd55085434192e"
            ],
            "version": "==2.6.0"
        },
        "pyflakes": {
            "hashes": [
                "sha256:0d94e0e05a19e57a99444b6ddcf9a6eb2e5c68d3ca1e98e90707af8152c90a92",
                "sha256:35b2d75ee967ea93b55750aa9edbbf72813e06a66ba54438df2cfac9e3c27fc8"
            ],
            "version": "==2.2.0"
        },
        "typing-extensions": {
            "hashes": [
                "sha256:7cb407020f00f7bfc3cb3e7881628838e69d8f3fcab2f64742a5e76b2f841918",
                "sha256:99d4073b617d30288f569d3f13d2bd7548c3a7e4c8de87db09a9d29bb3a4a60c",
                "sha256:dafc7639cde7f1b6e1acc0f457842a83e722ccca8eef5270af2d74792619a89f"
            ],
            "markers": "python_version < '3.8'",
            "version": "==3.7.4.3"
        },
        "zipp": {
            "hashes": [
                "sha256:102c24ef8f171fd729d46599845e95c7ab894a4cf45f5de11a44cc7444fb1108",
                "sha256:ed5eee1974372595f9e416cc7bbeeb12335201d8081ca8a0743c954d4446e5cb"
            ],
            "version": "==3.4.0"
        }
    }
}
